
Microsoft Visual Studio Solution File, Format Version 12.00
# Visual Studio Version 17
VisualStudioVersion = 17.14.36414.22 d17.14
MinimumVisualStudioVersion = 10.0.40219.1
Project("{FAE04EC0-301F-11D3-BF4B-00C04F79EFBC}") = "Abdulin_Lab4", "Abdulin_Lab4\Abdulin_Lab4.csproj", "{D7A35E30-011E-4A77-A2B1-230228B3E69B}"
EndProject
Global
	GlobalSection(SolutionConfigurationPlatforms) = preSolution
		Debug|Any CPU = Debug|Any CPU
		Release|Any CPU = Release|Any CPU
	EndGlobalSection
	GlobalSection(ProjectConfigurationPlatforms) = postSolution
		{D7A35E30-011E-4A77-A2B1-230228B3E69B}.Debug|Any CPU.ActiveCfg = Debug|Any CPU
		{D7A35E30-011E-4A77-A2B1-230228B3E69B}.Debug|Any CPU.Build.0 = Debug|Any CPU
		{D7A35E30-011E-4A77-A2B1-230228B3E69B}.Release|Any CPU.ActiveCfg = Release|Any CPU
		{D7A35E30-011E-4A77-A2B1-230228B3E69B}.Release|Any CPU.Build.0 = Release|Any CPU
	EndGlobalSection
	GlobalSection(SolutionProperties) = preSolution
		HideSolutionNode = FALSE
	EndGlobalSection
	GlobalSection(ExtensibilityGlobals) = postSolution
		SolutionGuid = {F61F0BFB-6BB5-4BAF-8830-F451EE8F4AFB}
	EndGlobalSection
EndGlobal
